PODS:
  - Flutter (1.0.0)
  - umiuni2d_io_flutter (0.0.1):
    - Flutter

DEPENDENCIES:
  - Flutter (from `Pods/.symlinks/flutter/ios`)
  - umiuni2d_io_flutter (from `Pods/.symlinks/plugins/umiuni2d_io_flutter-5b429504392ba6a991b671c382f46cd87fbd2b01/ios`)

EXTERNAL SOURCES:
  Flutter:
    :path: Pods/.symlinks/flutter/ios
  umiuni2d_io_flutter:
    :path: Pods/.symlinks/plugins/umiuni2d_io_flutter-5b429504392ba6a991b671c382f46cd87fbd2b01/ios

SPEC CHECKSUMS:
  Flutter: 9d0fac939486c9aba2809b7982dfdbb47a7b0296
  umiuni2d_io_flutter: 7844e68980952522ec5eb7a8a3d22a91c4edcf74

PODFILE CHECKSUM: 0420ab312a523ae0eecfb1fc19ea51dd82cc17c7

COCOAPODS: 1.4.0
